// !$*UTF8*$!
{
	archiveVersion = 1;
	classes = {
	};
	objectVersion = 46;
	objects = {

/* Begin PBXBuildFile section */
		361043BC1DA898F80021DC33 /* SendPaymentViewController.swift in Sources */ = {isa = PBXBuildFile; fileRef = 361043BB1DA898F80021DC33 /* SendPaymentViewController.swift */; };
		361043C01DA899BD0021DC33 /* SelectEntityViewController.swift in Sources */ = {isa = PBXBuildFile; fileRef = 361043BF1DA899BD0021DC33 /* SelectEntityViewController.swift */; };
		361043C21DA89B4B0021DC33 /* Entity.swift in Sources */ = {isa = PBXBuildFile; fileRef = 361043C11DA89B4B0021DC33 /* Entity.swift */; };
		361043C51DA89FFA0021DC33 /* NumberFormatterExtension.swift in Sources */ = {isa = PBXBuildFile; fileRef = 361043C41DA89FFA0021DC33 /* NumberFormatterExtension.swift */; };
		36F7F94E1DA84A9400BE3031 /* AppDelegate.swift in Sources */ = {isa = PBXBuildFile; fileRef = 36F7F94D1DA84A9400BE3031 /* AppDelegate.swift */; };
		36F7F9571DA84A9400BE3031 /* Assets.xcassets in Resources */ = {isa = PBXBuildFile; fileRef = 36F7F9561DA84A9400BE3031 /* Assets.xcassets */; };
		36F7F9761DA84F0C00BE3031 /* Account.swift in Sources */ = {isa = PBXBuildFile; fileRef = 36F7F9701DA84F0C00BE3031 /* Account.swift */; };
		36F7F9771DA84F0C00BE3031 /* AccountsRepository.swift in Sources */ = {isa = PBXBuildFile; fileRef = 36F7F9711DA84F0C00BE3031 /* AccountsRepository.swift */; };
		36F7F9781DA84F0C00BE3031 /* Payee.swift in Sources */ = {isa = PBXBuildFile; fileRef = 36F7F9721DA84F0C00BE3031 /* Payee.swift */; };
		36F7F9791DA84F0C00BE3031 /* PayeesRepository.swift in Sources */ = {isa = PBXBuildFile; fileRef = 36F7F9731DA84F0C00BE3031 /* PayeesRepository.swift */; };
		36F7F97A1DA84F0C00BE3031 /* Payment.swift in Sources */ = {isa = PBXBuildFile; fileRef = 36F7F9741DA84F0C00BE3031 /* Payment.swift */; };
		36F7F97B1DA84F0C00BE3031 /* PaymentsRepository.swift in Sources */ = {isa = PBXBuildFile; fileRef = 36F7F9751DA84F0C00BE3031 /* PaymentsRepository.swift */; };
		36F7F9841DA8512600BE3031 /* AccountsViewController.swift in Sources */ = {isa = PBXBuildFile; fileRef = 36F7F97F1DA8512600BE3031 /* AccountsViewController.swift */; };
		36F7F9851DA8512600BE3031 /* LaunchScreen.storyboard in Resources */ = {isa = PBXBuildFile; fileRef = 36F7F9801DA8512600BE3031 /* LaunchScreen.storyboard */; };
		36F7F9861DA8512600BE3031 /* Main.storyboard in Resources */ = {isa = PBXBuildFile; fileRef = 36F7F9811DA8512600BE3031 /* Main.storyboard */; };
		36F7F9871DA8512600BE3031 /* PayeesViewController.swift in Sources */ = {isa = PBXBuildFile; fileRef = 36F7F9821DA8512600BE3031 /* PayeesViewController.swift */; };
		36F7F9881DA8512600BE3031 /* PaymentsViewController.swift in Sources */ = {isa = PBXBuildFile; fileRef = 36F7F9831DA8512600BE3031 /* PaymentsViewController.swift */; };
/* End PBXBuildFile section */

/* Begin PBXFileReference section */
		361043BB1DA898F80021DC33 /* SendPaymentViewController.swift */ = {isa = PBXFileReference; fileEncoding = 4; lastKnownFileType = sourcecode.swift; path = SendPaymentViewController.swift; sourceTree = "<group>"; };
		361043BF1DA899BD0021DC33 /* SelectEntityViewController.swift */ = {isa = PBXFileReference; fileEncoding = 4; lastKnownFileType = sourcecode.swift; path = SelectEntityViewController.swift; sourceTree = "<group>"; };
		361043C11DA89B4B0021DC33 /* Entity.swift */ = {isa = PBXFileReference; fileEncoding = 4; lastKnownFileType = sourcecode.swift; path = Entity.swift; sourceTree = "<group>"; };
		361043C41DA89FFA0021DC33 /* NumberFormatterExtension.swift */ = {isa = PBXFileReference; fileEncoding = 4; lastKnownFileType = sourcecode.swift; path = NumberFormatterExtension.swift; sourceTree = "<group>"; };
		36F7F94A1DA84A9400BE3031 /* TuiBank.app */ = {isa = PBXFileReference; explicitFileType = wrapper.application; includeInIndex = 0; path = TuiBank.app; sourceTree = BUILT_PRODUCTS_DIR; };
		36F7F94D1DA84A9400BE3031 /* AppDelegate.swift */ = {isa = PBXFileReference; lastKnownFileType = sourcecode.swift; path = AppDelegate.swift; sourceTree = "<group>"; };
		36F7F9561DA84A9400BE3031 /* Assets.xcassets */ = {isa = PBXFileReference; lastKnownFileType = folder.assetcatalog; path = Assets.xcassets; sourceTree = "<group>"; };
		36F7F95B1DA84A9400BE3031 /* Info.plist */ = {isa = PBXFileReference; lastKnownFileType = text.plist.xml; path = Info.plist; sourceTree = "<group>"; };
		36F7F9701DA84F0C00BE3031 /* Account.swift */ = {isa = PBXFileReference; fileEncoding = 4; lastKnownFileType = sourcecode.swift; path = Account.swift; sourceTree = "<group>"; };
		36F7F9711DA84F0C00BE3031 /* AccountsRepository.swift */ = {isa = PBXFileReference; fileEncoding = 4; lastKnownFileType = sourcecode.swift; path = AccountsRepository.swift; sourceTree = "<group>"; };
		36F7F9721DA84F0C00BE3031 /* Payee.swift */ = {isa = PBXFileReference; fileEncoding = 4; lastKnownFileType = sourcecode.swift; path = Payee.swift; sourceTree = "<group>"; };
		36F7F9731DA84F0C00BE3031 /* PayeesRepository.swift */ = {isa = PBXFileReference; fileEncoding = 4; lastKnownFileType = sourcecode.swift; path = PayeesRepository.swift; sourceTree = "<group>"; };
		36F7F9741DA84F0C00BE3031 /* Payment.swift */ = {isa = PBXFileReference; fileEncoding = 4; lastKnownFileType = sourcecode.swift; path = Payment.swift; sourceTree = "<group>"; };
		36F7F9751DA84F0C00BE3031 /* PaymentsRepository.swift */ = {isa = PBXFileReference; fileEncoding = 4; lastKnownFileType = sourcecode.swift; path = PaymentsRepository.swift; sourceTree = "<group>"; };
		36F7F97F1DA8512600BE3031 /* AccountsViewController.swift */ = {isa = PBXFileReference; fileEncoding = 4; lastKnownFileType = sourcecode.swift; path = AccountsViewController.swift; sourceTree = "<group>"; };
		36F7F9801DA8512600BE3031 /* LaunchScreen.storyboard */ = {isa = PBXFileReference; fileEncoding = 4; lastKnownFileType = file.storyboard; path = LaunchScreen.storyboard; sourceTree = "<group>"; };
		36F7F9811DA8512600BE3031 /* Main.storyboard */ = {isa = PBXFileReference; fileEncoding = 4; lastKnownFileType = file.storyboard; path = Main.storyboard; sourceTree = "<group>"; };
		36F7F9821DA8512600BE3031 /* PayeesViewController.swift */ = {isa = PBXFileReference; fileEncoding = 4; lastKnownFileType = sourcecode.swift; path = PayeesViewController.swift; sourceTree = "<group>"; };
		36F7F9831DA8512600BE3031 /* PaymentsViewController.swift */ = {isa = PBXFileReference; fileEncoding = 4; lastKnownFileType = sourcecode.swift; path = PaymentsViewController.swift; sourceTree = "<group>"; };
/* End PBXFileReference section */

/* Begin PBXFrameworksBuildPhase section */
		36F7F9471DA84A9400BE3031 /* Frameworks */ = {
			isa = PBXFrameworksBuildPhase;
			buildActionMask = 2147483647;
			files = (
			);
			runOnlyForDeploymentPostprocessing = 0;
		};
/* End PBXFrameworksBuildPhase section */

/* Begin PBXGroup section */
		361043C31DA89FE70021DC33 /* Utility */ = {
			isa = PBXGroup;
			children = (
				361043C41DA89FFA0021DC33 /* NumberFormatterExtension.swift */,
			);
			path = Utility;
			sourceTree = "<group>";
		};
		36F7F9411DA84A9400BE3031 = {
			isa = PBXGroup;
			children = (
				36F7F94C1DA84A9400BE3031 /* TuiBank */,
				36F7F94B1DA84A9400BE3031 /* Products */,
			);
			sourceTree = "<group>";
		};
		36F7F94B1DA84A9400BE3031 /* Products */ = {
			isa = PBXGroup;
			children = (
				36F7F94A1DA84A9400BE3031 /* TuiBank.app */,
			);
			name = Products;
			sourceTree = "<group>";
		};
		36F7F94C1DA84A9400BE3031 /* TuiBank */ = {
			isa = PBXGroup;
			children = (
				36F7F94D1DA84A9400BE3031 /* AppDelegate.swift */,
				36F7F9561DA84A9400BE3031 /* Assets.xcassets */,
				36F7F96F1DA84F0C00BE3031 /* Data */,
				36F7F95B1DA84A9400BE3031 /* Info.plist */,
				36F7F97E1DA8512600BE3031 /* User Interface */,
				361043C31DA89FE70021DC33 /* Utility */,
			);
			path = TuiBank;
			sourceTree = "<group>";
		};
		36F7F96F1DA84F0C00BE3031 /* Data */ = {
			isa = PBXGroup;
			children = (
				36F7F9701DA84F0C00BE3031 /* Account.swift */,
				36F7F9711DA84F0C00BE3031 /* AccountsRepository.swift */,
				361043C11DA89B4B0021DC33 /* Entity.swift */,
				36F7F9721DA84F0C00BE3031 /* Payee.swift */,
				36F7F9731DA84F0C00BE3031 /* PayeesRepository.swift */,
				36F7F9741DA84F0C00BE3031 /* Payment.swift */,
				36F7F9751DA84F0C00BE3031 /* PaymentsRepository.swift */,
			);
			path = Data;
			sourceTree = "<group>";
		};
		36F7F97E1DA8512600BE3031 /* User Interface */ = {
			isa = PBXGroup;
			children = (
				36F7F97F1DA8512600BE3031 /* AccountsViewController.swift */,
				36F7F9801DA8512600BE3031 /* LaunchScreen.storyboard */,
				36F7F9811DA8512600BE3031 /* Main.storyboard */,
				36F7F9821DA8512600BE3031 /* PayeesViewController.swift */,
				36F7F9831DA8512600BE3031 /* PaymentsViewController.swift */,
				361043BF1DA899BD0021DC33 /* SelectEntityViewController.swift */,
				361043BB1DA898F80021DC33 /* SendPaymentViewController.swift */,
			);
			path = "User Interface";
			sourceTree = "<group>";
		};
/* End PBXGroup section */

/* Begin PBXNativeTarget section */
		36F7F9491DA84A9400BE3031 /* TuiBank */ = {
			isa = PBXNativeTarget;
			buildConfigurationList = 36F7F95E1DA84A9400BE3031 /* Build configuration list for PBXNativeTarget "TuiBank" */;
			buildPhases = (
				36F7F9461DA84A9400BE3031 /* Sources */,
				36F7F9471DA84A9400BE3031 /* Frameworks */,
				36F7F9481DA84A9400BE3031 /* Resources */,
			);
			buildRules = (
			);
			dependencies = (
			);
			name = TuiBank;
			productName = TuiBank;
			productReference = 36F7F94A1DA84A9400BE3031 /* TuiBank.app */;
			productType = "com.apple.product-type.application";
		};
/* End PBXNativeTarget section */

/* Begin PBXProject section */
		36F7F9421DA84A9400BE3031 /* Project object */ = {
			isa = PBXProject;
			attributes = {
				LastSwiftUpdateCheck = 0800;
				LastUpgradeCheck = 0910;
				ORGANIZATIONNAME = "Gareth Redman";
				TargetAttributes = {
					36F7F9491DA84A9400BE3031 = {
						CreatedOnToolsVersion = 8.0;
						DevelopmentTeam = UB3GT59Z2L;
						LastSwiftMigration = 0910;
						ProvisioningStyle = Automatic;
					};
				};
			};
			buildConfigurationList = 36F7F9451DA84A9400BE3031 /* Build configuration list for PBXProject "TuiBank" */;
			compatibilityVersion = "Xcode 3.2";
			developmentRegion = English;
			hasScannedForEncodings = 0;
			knownRegions = (
				en,
				Base,
			);
			mainGroup = 36F7F9411DA84A9400BE3031;
			productRefGroup = 36F7F94B1DA84A9400BE3031 /* Products */;
			projectDirPath = "";
			projectRoot = "";
			targets = (
				36F7F9491DA84A9400BE3031 /* TuiBank */,
			);
		};
/* End PBXProject section */

/* Begin PBXResourcesBuildPhase section */
		36F7F9481DA84A9400BE3031 /* Resources */ = {
			isa = PBXResourcesBuildPhase;
			buildActionMask = 2147483647;
			files = (
				36F7F9861DA8512600BE3031 /* Main.storyboard in Resources */,
				36F7F9851DA8512600BE3031 /* LaunchScreen.storyboard in Resources */,
				36F7F9571DA84A9400BE3031 /* Assets.xcassets in Resources */,
			);
			runOnlyForDeploymentPostprocessing = 0;
		};
/* End PBXResourcesBuildPhase section */

/* Begin PBXSourcesBuildPhase section */
		36F7F9461DA84A9400BE3031 /* Sources */ = {
			isa = PBXSourcesBuildPhase;
			buildActionMask = 2147483647;
			files = (
				36F7F9871DA8512600BE3031 /* PayeesViewController.swift in Sources */,
				36F7F97B1DA84F0C00BE3031 /* PaymentsRepository.swift in Sources */,
				361043C01DA899BD0021DC33 /* SelectEntityViewController.swift in Sources */,
				36F7F9791DA84F0C00BE3031 /* PayeesRepository.swift in Sources */,
				36F7F9771DA84F0C00BE3031 /* AccountsRepository.swift in Sources */,
				36F7F9781DA84F0C00BE3031 /* Payee.swift in Sources */,
				36F7F9881DA8512600BE3031 /* PaymentsViewController.swift in Sources */,
				361043C51DA89FFA0021DC33 /* NumberFormatterExtension.swift in Sources */,
				36F7F9761DA84F0C00BE3031 /* Account.swift in Sources */,
				36F7F94E1DA84A9400BE3031 /* AppDelegate.swift in Sources */,
				36F7F9841DA8512600BE3031 /* AccountsViewController.swift in Sources */,
				361043C21DA89B4B0021DC33 /* Entity.swift in Sources */,
				361043BC1DA898F80021DC33 /* SendPaymentViewController.swift in Sources */,
				36F7F97A1DA84F0C00BE3031 /* Payment.swift in Sources */,
			);
			runOnlyForDeploymentPostprocessing = 0;
		};
/* End PBXSourcesBuildPhase section */

/* Begin XCBuildConfiguration section */
		36F7F95C1DA84A9400BE3031 /* Debug */ = {
			isa = XCBuildConfiguration;
			buildSettings = {
				ALWAYS_SEARCH_USER_PATHS = NO;
				CLANG_ANALYZER_NONNULL = YES;
				CLANG_CXX_LANGUAGE_STANDARD = "gnu++0x";
				CLANG_CXX_LIBRARY = "libc++";
				CLANG_ENABLE_MODULES = YES;
				CLANG_ENABLE_OBJC_ARC = YES;
				CLANG_WARN_BLOCK_CAPTURE_AUTORELEASING = YES;
				CLANG_WARN_BOOL_CONVERSION = YES;
				CLANG_WARN_COMMA = YES;
				CLANG_WARN_CONSTANT_CONVERSION = YES;
				CLANG_WARN_DIRECT_OBJC_ISA_USAGE = YES_ERROR;
				CLANG_WARN_DOCUMENTATION_COMMENTS = YES;
				CLANG_WARN_EMPTY_BODY = YES;
				CLANG_WARN_ENUM_CONVERSION = YES;
				CLANG_WARN_INFINITE_RECURSION = YES;
				CLANG_WARN_INT_CONVERSION = YES;
				CLANG_WARN_NON_LITERAL_NULL_CONVERSION = YES;
				CLANG_WARN_OBJC_LITERAL_CONVERSION = YES;
				CLANG_WARN_OBJC_ROOT_CLASS = YES_ERROR;
				CLANG_WARN_RANGE_LOOP_ANALYSIS = YES;
				CLANG_WARN_STRICT_PROTOTYPES = YES;
				CLANG_WARN_SUSPICIOUS_MOVE = YES;
				CLANG_WARN_SUSPICIOUS_MOVES = YES;
				CLANG_WARN_UNREACHABLE_CODE = YES;
				CLANG_WARN__DUPLICATE_METHOD_MATCH = YES;
				"CODE_SIGN_IDENTITY[sdk=iphoneos*]" = "iPhone Developer";
				COPY_PHASE_STRIP = NO;
				DEBUG_INFORMATION_FORMAT = dwarf;
				ENABLE_STRICT_OBJC_MSGSEND = YES;
				ENABLE_TESTABILITY = YES;
				GCC_C_LANGUAGE_STANDARD = gnu99;
				GCC_DYNAMIC_NO_PIC = NO;
				GCC_NO_COMMON_BLOCKS = YES;
				GCC_OPTIMIZATION_LEVEL = 0;
				GCC_PREPROCESSOR_DEFINITIONS = (
					"DEBUG=1",
					"$(inherited)",
				);
				GCC_WARN_64_TO_32_BIT_CONVERSION = YES;
				GCC_WARN_ABOUT_RETURN_TYPE = YES_ERROR;
				GCC_WARN_UNDECLARED_SELECTOR = YES;
				GCC_WARN_UNINITIALIZED_AUTOS = YES_AGGRESSIVE;
				GCC_WARN_UNUSED_FUNCTION = YES;
				GCC_WARN_UNUSED_VARIABLE = YES;
				IPHONEOS_DEPLOYMENT_TARGET = 10.0;
				MTL_ENABLE_DEBUG_INFO = YES;
				ONLY_ACTIVE_ARCH = YES;
				SDKROOT = iphoneos;
				SWIFT_ACTIVE_COMPILATION_CONDITIONS = DEBUG;
				SWIFT_OPTIMIZATION_LEVEL = "-Onone";
				SWIFT_SWIFT3_OBJC_INFERENCE = Off;
			};
			name = Debug;
		};
		36F7F95D1DA84A9400BE3031 /* Release */ = {
			isa = XCBuildConfiguration;
			buildSettings = {
				ALWAYS_SEARCH_USER_PATHS = NO;
				CLANG_ANALYZER_NONNULL = YES;
				CLANG_CXX_LANGUAGE_STANDARD = "gnu++0x";
				CLANG_CXX_LIBRARY = "libc++";
				CLANG_ENABLE_MODULES = YES;
				CLANG_ENABLE_OBJC_ARC = YES;
				CLANG_WARN_BLOCK_CAPTURE_AUTORELEASING = YES;
				CLANG_WARN_BOOL_CONVERSION = YES;
				CLANG_WARN_COMMA = YES;
				CLANG_WARN_CONSTANT_CONVERSION = YES;
				CLANG_WARN_DIRECT_OBJC_ISA_USAGE = YES_ERROR;
				CLANG_WARN_DOCUMENTATION_COMMENTS = YES;
				CLANG_WARN_EMPTY_BODY = YES;
				CLANG_WARN_ENUM_CONVERSION = YES;
				CLANG_WARN_INFINITE_RECURSION = YES;
				CLANG_WARN_INT_CONVERSION = YES;
				CLANG_WARN_NON_LITERAL_NULL_CONVERSION = YES;
				CLANG_WARN_OBJC_LITERAL_CONVERSION = YES;
				CLANG_WARN_OBJC_ROOT_CLASS = YES_ERROR;
				CLANG_WARN_RANGE_LOOP_ANALYSIS = YES;
				CLANG_WARN_STRICT_PROTOTYPES = YES;
				CLANG_WARN_SUSPICIOUS_MOVE = YES;
				CLANG_WARN_SUSPICIOUS_MOVES = YES;
				CLANG_WARN_UNREACHABLE_CODE = YES;
				CLANG_WARN__DUPLICATE_METHOD_MATCH = YES;
				"CODE_SIGN_IDENTITY[sdk=iphoneos*]" = "iPhone Developer";
				COPY_PHASE_STRIP = NO;
				DEBUG_INFORMATION_FORMAT = "dwarf-with-dsym";
				ENABLE_NS_ASSERTIONS = NO;
				ENABLE_STRICT_OBJC_MSGSEND = YES;
				GCC_C_LANGUAGE_STANDARD = gnu99;
				GCC_NO_COMMON_BLOCKS = YES;
				GCC_WARN_64_TO_32_BIT_CONVERSION = YES;
				GCC_WARN_ABOUT_RETURN_TYPE = YES_ERROR;
				GCC_WARN_UNDECLARED_SELECTOR = YES;
				GCC_WARN_UNINITIALIZED_AUTOS = YES_AGGRESSIVE;
				GCC_WARN_UNUSED_FUNCTION = YES;
				GCC_WARN_UNUSED_VARIABLE = YES;
				IPHONEOS_DEPLOYMENT_TARGET = 10.0;
				MTL_ENABLE_DEBUG_INFO = NO;
				SDKROOT = iphoneos;
				SWIFT_OPTIMIZATION_LEVEL = "-Owholemodule";
				SWIFT_SWIFT3_OBJC_INFERENCE = Off;
				VALIDATE_PRODUCT = YES;
			};
			name = Release;
		};
		36F7F95F1DA84A9400BE3031 /* Debug */ = {
			isa = XCBuildConfiguration;
			buildSettings = {
				ASSETCATALOG_COMPILER_APPICON_NAME = AppIcon;
				DEVELOPMENT_TEAM = UB3GT59Z2L;
				INFOPLIST_FILE = TuiBank/Info.plist;
				LD_RUNPATH_SEARCH_PATHS = "$(inherited) @executable_path/Frameworks";
				PRODUCT_BUNDLE_IDENTIFIER = nz.gen.nil.TuiBank;
				PRODUCT_NAME = "$(TARGET_NAME)";
				SWIFT_SWIFT3_OBJC_INFERENCE = On;
				SWIFT_VERSION = 4.0;
			};
			name = Debug;
		};
		36F7F9601DA84A9400BE3031 /* Release */ = {
			isa = XCBuildConfiguration;
			buildSettings = {
				ASSETCATALOG_COMPILER_APPICON_NAME = AppIcon;
				DEVELOPMENT_TEAM = UB3GT59Z2L;
				INFOPLIST_FILE = TuiBank/Info.plist;
				LD_RUNPATH_SEARCH_PATHS = "$(inherited) @executable_path/Frameworks";
				PRODUCT_BUNDLE_IDENTIFIER = nz.gen.nil.TuiBank;
				PRODUCT_NAME = "$(TARGET_NAME)";
				SWIFT_SWIFT3_OBJC_INFERENCE = On;
				SWIFT_VERSION = 4.0;
			};
			name = Release;
		};
/* End XCBuildConfiguration section */

/* Begin XCConfigurationList section */
		36F7F9451DA84A9400BE3031 /* Build configuration list for PBXProject "TuiBank" */ = {
			isa = XCConfigurationList;
			buildConfigurations = (
				36F7F95C1DA84A9400BE3031 /* Debug */,
				36F7F95D1DA84A9400BE3031 /* Release */,
			);
			defaultConfigurationIsVisible = 0;
			defaultConfigurationName = Release;
		};
		36F7F95E1DA84A9400BE3031 /* Build configuration list for PBXNativeTarget "TuiBank" */ = {
			isa = XCConfigurationList;
			buildConfigurations = (
				36F7F95F1DA84A9400BE3031 /* Debug */,
				36F7F9601DA84A9400BE3031 /* Release */,
			);
			defaultConfigurationIsVisible = 0;
			defaultConfigurationName = Release;
		};
/* End XCConfigurationList section */
	};
	rootObject = 36F7F9421DA84A9400BE3031 /* Project object */;
}
